
Microsoft Visual Studio Solution File, Format Version 12.00
# Visual Studio Version 16
VisualStudioVersion = 16.0.31205.134
MinimumVisualStudioVersion = 10.0.40219.1
Project("{9A19103F-16F7-4668-BE54-9A1E7A4F7556}") = "HelpDeskTicketSystem", "HelpDeskTicketSystem\HelpDeskTicketSystem.csproj", "{B4512952-50B5-4370-BE22-34BF4C8DB067}"
EndProject
Project("{2150E333-8FDC-42A3-9474-1A3956D46DE8}") = "Apps", "Apps", "{FAE05CB7-9F31-4001-91B6-A0E9C54385A5}"
EndProject
Project("{FAE04EC0-301F-11D3-BF4B-00C04F79EFBC}") = "ConsoleApp", "Apps\ConsoleApp\ConsoleApp.csproj", "{27DC4236-EC83-4BED-AC0A-D09A52968038}"
EndProject
Global
	GlobalSection(SolutionConfigurationPlatforms) = preSolution
		Debug|Any CPU = Debug|Any CPU
		Release|Any CPU = Release|Any CPU
	EndGlobalSection
	GlobalSection(ProjectConfigurationPlatforms) = postSolution
		{B4512952-50B5-4370-BE22-34BF4C8DB067}.Debug|Any CPU.ActiveCfg = Debug|Any CPU
		{B4512952-50B5-4370-BE22-34BF4C8DB067}.Debug|Any CPU.Build.0 = Debug|Any CPU
		{B4512952-50B5-4370-BE22-34BF4C8DB067}.Release|Any CPU.ActiveCfg = Release|Any CPU
		{B4512952-50B5-4370-BE22-34BF4C8DB067}.Release|Any CPU.Build.0 = Release|Any CPU
		{27DC4236-EC83-4BED-AC0A-D09A52968038}.Debug|Any CPU.ActiveCfg = Debug|Any CPU
		{27DC4236-EC83-4BED-AC0A-D09A52968038}.Debug|Any CPU.Build.0 = Debug|Any CPU
		{27DC4236-EC83-4BED-AC0A-D09A52968038}.Release|Any CPU.ActiveCfg = Release|Any CPU
		{27DC4236-EC83-4BED-AC0A-D09A52968038}.Release|Any CPU.Build.0 = Release|Any CPU
	EndGlobalSection
	GlobalSection(SolutionProperties) = preSolution
		HideSolutionNode = FALSE
	EndGlobalSection
	GlobalSection(NestedProjects) = preSolution
		{27DC4236-EC83-4BED-AC0A-D09A52968038} = {FAE05CB7-9F31-4001-91B6-A0E9C54385A5}
	EndGlobalSection
	GlobalSection(ExtensibilityGlobals) = postSolution
		SolutionGuid = {A0E9E79E-5B07-4F50-B1C0-72DE0BC51E7B}
	EndGlobalSection
EndGlobal
